github.com/andybalholm/brotli v1.2.5 h1:BSI8V4zmx/3BAn6OKjF1PmfVq7Aoi52AdFsi6bpCx+s=
github.com/andybalholm/brotli v1.2.5/go.mod h1:rzTDkvFWvIrjDXZHkuS16NPggd91W3kUSvPlQ1pLaKY=
github.com/joho/godotenv v1.5.1 h1:7eLL/+HRGLY0ldzfGMeQkb7vMd0as4CfYvUVzLqw0N0=
github.com/joho/godotenv v1.5.1/go.mod h1:f4LDr5Voq0i2e/R5DDNOoa2zzDfwtkZa6DnEwAbqwq4=
github.com/klauspost/compress v1.20.1 h1:T7kKElXUMXrUJ2E9QhQhxFtcK5rPyLdsGZvdbLMPdiQ=
github.com/klauspost/compress v1.20.1/go.mod h1:LUdAzn7YLVvxLpc7y3V1m40wESHTgc1422pwwBSKYuI=
github.com/molecule-man/go-brrr v1.0.1 h1:cEjgx8hgNw6UGdhQ94SPDbPkKuRbkUcxBO3IzbGpA/o=
github.com/molecule-man/go-brrr v1.0.1/go.mod h1:7ybW6/7gA3oKY45jOfVNjSJDtrr6ea4tzbsTkjmQDC4=
github.com/tdewolff/minify/v2 v2.24.17 h1:6AbitfVyq0M7aW6i+XL7+49DeTQZwloOMs9O574arBg=
github.com/tdewolff/minify/v2 v2.24.17/go.mod h1:kVqn9vxXUKtlHexSNrWbYePqioOT5mc4ou/KVSMpfCM=
github.com/tdewolff/parse/v2 v2.8.16 h1:bLk5svUOQRkW/Y2SJ+DeENSIkZBcTIkq+Atyv5D8feI=
github.com/tdewolff/parse/v2 v2.8.16/go.mod h1:XdsoSFThlVIRIajAuqz1evNY7bagZS8LBOPA3aVopwQ=
github.com/tdewolff/test v1.0.12 h1:7F21DqIajswxuche0geHdrUZRCWE4oko4b7bcmkkrxk=
github.com/tdewolff/test v1.0.12/go.mod h1:XPuWBzvdUzhCuxWO1ojpXsyzsA5bFoS3tO/Q3kFuTG8=
github.com/valyala/bytebufferpool v1.0.0 h1:GqA5TC/0021Y/b9FG4Oi9Mr3q7XYx6KllzawFIhcdPw=
github.com/valyala/bytebufferpool v1.0.0/go.mod h1:6bBcMArwyJ5K/AmCkWv1jt77kVWyCJ6HpOuEn7z0Csc=
github.com/valyala/fasthttp v1.74.0 h1:wMS9fnO2QTALozYx5pId2Vi7ZwU/epUkY8i/KPWCHoU=
github.com/valyala/fasthttp v1.74.0/go.mod h1:3ARmLamUcw7ElxVtC8PXaGzQ6VEuvnetlkrwIklQBSE=
github.com/xyproto/randomstring v1.0.5 h1:YtlWPoRdgMu3NZtP45drfy1GKoojuR7hmRcnhZqKjWU=
github.com/xyproto/randomstring v1.0.5/go.mod h1:rgmS5DeNXLivK7YprL0pY+lTuhNQW3iGxZ18UQApw/E=
golang.org/x/tools v0.30.0 h1:BgcpHewrV5AUp2G9MebG4XPFI1E2W41zU1SaqVA9vJY=
golang.org/x/tools v0.30.0/go.mod h1:c347cR/OJfw5TI+GfX7RUPNMdDRRbjvYTS0jPyvsVtY=
