github.com/andybalholm/brotli v1.1.1 h1:PR2pgnyFznKEugtsUo0xLdDop5SKXd5Qf5ysW+7XdTA=
github.com/andybalholm/brotli v1.1.1/go.mod h1:05ib4cKhjx3OQYUY22hTVd34Bc8upXjOLL2rKwwZBoA=
github.com/andybalholm/brotli v1.2.0 h1:ukwgCxwYrmACq68yiUqwIWnGY0cTPox/M94sVwToPjQ=
github.com/andybalholm/brotli v1.2.0/go.mod h1:rzTDkvFWvIrjDXZHkuS16NPggd91W3kUSvPlQ1pLaKY=
github.com/joho/godotenv v1.5.1 h1:7eLL/+HRGLY0ldzfGMeQkb7vMd0as4CfYvUVzLqw0N0=
github.com/joho/godotenv v1.5.1/go.mod h1:f4LDr5Voq0i2e/R5DDNOoa2zzDfwtkZa6DnEwAbqwq4=
github.com/klauspost/compress v1.18.0 h1:c/Cqfb0r+Yi+JtIEq73FWXVkRonBlf0CRNYc8Zttxdo=
github.com/klauspost/compress v1.18.0/go.mod h1:2Pp+KzxcywXVXMr50+X0Q/Lsb43OQHYWRCY2AiWywWQ=
github.com/tdewolff/minify/v2 v2.21.3 h1:KmhKNGrN/dGcvb2WDdB5yA49bo37s+hcD8RiF+lioV8=
github.com/tdewolff/minify/v2 v2.21.3/go.mod h1:iGxHaGiONAnsYuo8CRyf8iPUcqRJVB/RhtEcTpqS7xw=
github.com/tdewolff/minify/v2 v2.22.2 h1:hmCiEy0XJ5+w9Gytoys3xyULxp46vxufXLwp3m2Nzds=
github.com/tdewolff/minify/v2 v2.22.2/go.mod h1:K/R8TT7aivpcU8QCNUU1UdR6etfnFPr7L11TO/X7shk=
github.com/tdewolff/minify/v2 v2.22.3 h1:iWXbYdEwvyMXq+KoZlM7Aybp2ASq1VTibUIUxtiyfWo=
github.com/tdewolff/minify/v2 v2.22.3/go.mod h1:K/R8TT7aivpcU8QCNUU1UdR6etfnFPr7L11TO/X7shk=
github.com/tdewolff/minify/v2 v2.22.4 h1:0/8K2fheOuYr5B4e5oCE1hGBVX6DQHLP0EGzdsDlYeg=
github.com/tdewolff/minify/v2 v2.22.4/go.mod h1:K/R8TT7aivpcU8QCNUU1UdR6etfnFPr7L11TO/X7shk=
github.com/tdewolff/minify/v2 v2.23.0 h1:ZdVmMkGYApnUpmOL/H/PCEk6qg6OFHzVDXgk07z9TW0=
github.com/tdewolff/minify/v2 v2.23.0/go.mod h1:ll/rxPfOGIgN9G4JXg+3jMtPTPEnEJB3nGtEG08sHl8=
github.com/tdewolff/minify/v2 v2.23.1 h1:r6sKQrumHzskWZRdhiRa+pZhn7CdBMojACNP9fuKpXQ=
github.com/tdewolff/minify/v2 v2.23.1/go.mod h1:RkUGjklq6uIsBoOdzY3ll35HKKQ2aFqLQhnanBHhDyU=
github.com/tdewolff/minify/v2 v2.23.2 h1:ssTQTabbpSKSWKqowdv5wNBQhdUfMycra9QmdygAorg=
github.com/tdewolff/minify/v2 v2.23.2/go.mod h1:RkUGjklq6uIsBoOdzY3ll35HKKQ2aFqLQhnanBHhDyU=
github.com/tdewolff/minify/v2 v2.23.3 h1:ukamplWSwuuklnW8gLSvY+nvU+0lCRrRcZNoeHjhKng=
github.com/tdewolff/minify/v2 v2.23.3/go.mod h1:RkUGjklq6uIsBoOdzY3ll35HKKQ2aFqLQhnanBHhDyU=
github.com/tdewolff/minify/v2 v2.23.4 h1:qyHu5oFeElhUDsmtXKQKoNUKA1r8126eWslvPYoX/Vw=
github.com/tdewolff/minify/v2 v2.23.4/go.mod h1:2RI9tiIrzJU1Z5EasXEPaI1MqobRyxKHOOgrRkq5oEw=
github.com/tdewolff/minify/v2 v2.23.5 h1:/P548KcpTkIOUvNg22zN83/GiaYSOIrbqtoue4I7kYM=
github.com/tdewolff/minify/v2 v2.23.5/go.mod h1:2RI9tiIrzJU1Z5EasXEPaI1MqobRyxKHOOgrRkq5oEw=
github.com/tdewolff/minify/v2 v2.23.6 h1:s0ktOnrlqKfhignkv9M/rh9wCfRlIPiIpjPOq3xUJ84=
github.com/tdewolff/minify/v2 v2.23.6/go.mod h1:VW3ISUd3gDOZuQ/jwZr4sCzsuX+Qvsx87FDMjk6Rvno=
github.com/tdewolff/minify/v2 v2.23.8 h1:tvjHzRer46kwOfpdCBCWsDblCw3QtnLJRd61pTVkyZ8=
github.com/tdewolff/minify/v2 v2.23.8/go.mod h1:VW3ISUd3gDOZuQ/jwZr4sCzsuX+Qvsx87FDMjk6Rvno=
github.com/tdewolff/parse/v2 v2.7.20 h1:Y33JmRLjyGhX5JRvYh+CO6Sk6pGMw3iO5eKGhUhx8JE=
github.com/tdewolff/parse/v2 v2.7.20/go.mod h1:3FbJWZp3XT9OWVN3Hmfp0p/a08v4h8J9W1aghka0soA=
github.com/tdewolff/parse/v2 v2.7.21 h1:OCuPFtGr4mXdnfKikQlUb0n654ROJANhBqCk+wioJ/A=
github.com/tdewolff/parse/v2 v2.7.21/go.mod h1:I7TXO37t3aSG9SlPUBefAhgIF8nt7yYUwVGgETIoBcA=
github.com/tdewolff/parse/v2 v2.7.22 h1:ROVbrjtp5RoXi22YSZaOks5DaOcXBJ3PZO5hyyQ9Bbs=
github.com/tdewolff/parse/v2 v2.7.22/go.mod h1:I7TXO37t3aSG9SlPUBefAhgIF8nt7yYUwVGgETIoBcA=
github.com/tdewolff/parse/v2 v2.7.23 h1:sCW2PNTCM1yVldh5YK/8wrpRI9rSbloUZWjAydlN2IA=
github.com/tdewolff/parse/v2 v2.7.23/go.mod h1:I7TXO37t3aSG9SlPUBefAhgIF8nt7yYUwVGgETIoBcA=
github.com/tdewolff/parse/v2 v2.8.0 h1:jW0afj6zpUGXuZTwJ7/UfP2SddyLalb/SDryjaMTkA4=
github.com/tdewolff/parse/v2 v2.8.0/go.mod h1:Hwlni2tiVNKyzR1o6nUs4FOF07URA+JLBLd6dlIXYqo=
github.com/tdewolff/parse/v2 v2.8.1 h1:J5GSHru6o3jF1uLlEKVXkDxxcVx6yzOlIVIotK4w2po=
github.com/tdewolff/parse/v2 v2.8.1/go.mod h1:Hwlni2tiVNKyzR1o6nUs4FOF07URA+JLBLd6dlIXYqo=
github.com/tdewolff/test v1.0.11-0.20231101010635-f1265d231d52/go.mod h1:6DAvZliBAAnD7rhVgwaM7DE5/d9NMOAJ09SqYqeK4QE=
github.com/tdewolff/test v1.0.11-0.20240106005702-7de5f7df4739 h1:IkjBCtQOOjIn03u/dMQK9g+Iw9ewps4mCl1nB8Sscbo=
github.com/tdewolff/test v1.0.11-0.20240106005702-7de5f7df4739/go.mod h1:XPuWBzvdUzhCuxWO1ojpXsyzsA5bFoS3tO/Q3kFuTG8=
github.com/tdewolff/test v1.0.11/go.mod h1:XPuWBzvdUzhCuxWO1ojpXsyzsA5bFoS3tO/Q3kFuTG8=
github.com/valyala/bytebufferpool v1.0.0 h1:GqA5TC/0021Y/b9FG4Oi9Mr3q7XYx6KllzawFIhcdPw=
github.com/valyala/bytebufferpool v1.0.0/go.mod h1:6bBcMArwyJ5K/AmCkWv1jt77kVWyCJ6HpOuEn7z0Csc=
github.com/valyala/fasthttp v1.59.0 h1:Qu0qYHfXvPk1mSLNqcFtEk6DpxgA26hy6bmydotDpRI=
github.com/valyala/fasthttp v1.59.0/go.mod h1:GTxNb9Bc6r2a9D0TWNSPwDz78UxnTGBViY3xZNEqyYU=
github.com/valyala/fasthttp v1.60.0 h1:kBRYS0lOhVJ6V+bYN8PqAHELKHtXqwq9zNMLKx1MBsw=
github.com/valyala/fasthttp v1.60.0/go.mod h1:iY4kDgV3Gc6EqhRZ8icqcmlG6bqhcDXfuHgTO4FXCvc=
github.com/valyala/fasthttp v1.61.0 h1:VV08V0AfoRaFurP1EWKvQQdPTZHiUzaVoulX1aBDgzU=
github.com/valyala/fasthttp v1.61.0/go.mod h1:wRIV/4cMwUPWnRcDno9hGnYZGh78QzODFfo1LTUhBog=
github.com/valyala/fasthttp v1.62.0 h1:8dKRBX/y2rCzyc6903Zu1+3qN0H/d2MsxPPmVNamiH0=
github.com/valyala/fasthttp v1.62.0/go.mod h1:FCINgr4GKdKqV8Q0xv8b+UxPV+H/O5nNFo3D+r54Htg=
github.com/valyala/fasthttp v1.63.0 h1:DisIL8OjB7ul2d7cBaMRcKTQDYnrGy56R4FCiuDP0Ns=
github.com/valyala/fasthttp v1.63.0/go.mod h1:REc4IeW+cAEyLrRPa5A81MIjvz0QE1laoTX2EaPHKJM=
github.com/valyala/fasthttp v1.64.0 h1:QBygLLQmiAyiXuRhthf0tuRkqAFcrC42dckN2S+N3og=
github.com/valyala/fasthttp v1.64.0/go.mod h1:dGmFxwkWXSK0NbOSJuF7AMVzU+lkHz0wQVvVITv2UQA=
github.com/xyproto/randomstring v1.0.5 h1:YtlWPoRdgMu3NZtP45drfy1GKoojuR7hmRcnhZqKjWU=
github.com/xyproto/randomstring v1.0.5/go.mod h1:rgmS5DeNXLivK7YprL0pY+lTuhNQW3iGxZ18UQApw/E=
